// !$*UTF8*$!
{
	archiveVersion = 1;
	classes = {
	};
	objectVersion = 50;
	objects = {

/* Begin PBXBuildFile section */
		6413BB69236F6304004F1C1C /* StoryboardViewController.swift in Sources */ = {isa = PBXBuildFile; fileRef = 6413BB68236F6304004F1C1C /* StoryboardViewController.swift */; };
		6413BB6B236F73CB004F1C1C /* VehicleMapViewController.storyboard in Resources */ = {isa = PBXBuildFile; fileRef = 6413BB6A236F73CB004F1C1C /* VehicleMapViewController.storyboard */; };
		6413BB6D236F7910004F1C1C /* VehicleViewModel.swift in Sources */ = {isa = PBXBuildFile; fileRef = 6413BB6C236F7910004F1C1C /* VehicleViewModel.swift */; };
		6413BB6F236F83E7004F1C1C /* CLLocationCoordinate2D+Defaults.swift in Sources */ = {isa = PBXBuildFile; fileRef = 6413BB6E236F83E7004F1C1C /* CLLocationCoordinate2D+Defaults.swift */; };
		6413BB73236F8589004F1C1C /* VehicleViewModel+MKAnnotation.swift in Sources */ = {isa = PBXBuildFile; fileRef = 6413BB72236F8589004F1C1C /* VehicleViewModel+MKAnnotation.swift */; };
		64246FDD2369028D00CF4F1B /* AppDelegate.swift in Sources */ = {isa = PBXBuildFile; fileRef = 64246FDC2369028D00CF4F1B /* AppDelegate.swift */; };
		64246FE12369028D00CF4F1B /* RootViewController.swift in Sources */ = {isa = PBXBuildFile; fileRef = 64246FE02369028D00CF4F1B /* RootViewController.swift */; };
		64246FE42369028D00CF4F1B /* RootViewController.storyboard in Resources */ = {isa = PBXBuildFile; fileRef = 64246FE22369028D00CF4F1B /* RootViewController.storyboard */; };
		64246FE62369028F00CF4F1B /* Assets.xcassets in Resources */ = {isa = PBXBuildFile; fileRef = 64246FE52369028F00CF4F1B /* Assets.xcassets */; };
		64246FE92369028F00CF4F1B /* LaunchScreen.storyboard in Resources */ = {isa = PBXBuildFile; fileRef = 64246FE72369028F00CF4F1B /* LaunchScreen.storyboard */; };
		64246FF22369038A00CF4F1B /* Vehicle.swift in Sources */ = {isa = PBXBuildFile; fileRef = 64246FF12369038A00CF4F1B /* Vehicle.swift */; };
		64246FF52369043500CF4F1B /* SixtConnector.swift in Sources */ = {isa = PBXBuildFile; fileRef = 64246FF42369043500CF4F1B /* SixtConnector.swift */; };
		64246FF72369084C00CF4F1B /* Podfile in Resources */ = {isa = PBXBuildFile; fileRef = 64246FF62369084C00CF4F1B /* Podfile */; };
		6479CDA8236F424300064D01 /* MapKit.framework in Frameworks */ = {isa = PBXBuildFile; fileRef = 6479CDA7236F424300064D01 /* MapKit.framework */; };
		6479CDAB236F42FE00064D01 /* VehicleMapViewController.swift in Sources */ = {isa = PBXBuildFile; fileRef = 6479CDA9236F42FE00064D01 /* VehicleMapViewController.swift */; };
		6479CDB2236F48BB00064D01 /* VehiclesViewModel.swift in Sources */ = {isa = PBXBuildFile; fileRef = 6479CDB1236F48BB00064D01 /* VehiclesViewModel.swift */; };
		6479CDB4236F4A0700064D01 /* RequestError.swift in Sources */ = {isa = PBXBuildFile; fileRef = 6479CDB3236F4A0700064D01 /* RequestError.swift */; };
		6479CDB6236F500800064D01 /* ViewModelDriven.swift in Sources */ = {isa = PBXBuildFile; fileRef = 6479CDB5236F500800064D01 /* ViewModelDriven.swift */; };
		6479CDB8236F501C00064D01 /* ViewModel.swift in Sources */ = {isa = PBXBuildFile; fileRef = 6479CDB7236F501C00064D01 /* ViewModel.swift */; };
		6479CDBA236F517300064D01 /* RootViewModel.swift in Sources */ = {isa = PBXBuildFile; fileRef = 6479CDB9236F517300064D01 /* RootViewModel.swift */; };
		6479CDBD236F51F500064D01 /* ViewModel+UIKit.swift in Sources */ = {isa = PBXBuildFile; fileRef = 6479CDBC236F51F500064D01 /* ViewModel+UIKit.swift */; };
		6479CDBF236F547800064D01 /* SceneDelegate.swift in Sources */ = {isa = PBXBuildFile; fileRef = 6479CDBE236F547800064D01 /* SceneDelegate.swift */; };
		64B8C817236FB2F400886F40 /* VehicleTableViewCell.swift in Sources */ = {isa = PBXBuildFile; fileRef = 64B8C816236FB2F400886F40 /* VehicleTableViewCell.swift */; };
		64B8C819236FBE5B00886F40 /* VehicleListViewController.storyboard in Resources */ = {isa = PBXBuildFile; fileRef = 64B8C818236FBE5B00886F40 /* VehicleListViewController.storyboard */; };
		64B8C81B236FBED800886F40 /* VehicleListViewController.swift in Sources */ = {isa = PBXBuildFile; fileRef = 64B8C81A236FBED800886F40 /* VehicleListViewController.swift */; };
		64B8C81D236FD24100886F40 /* UIView+Contraints.swift in Sources */ = {isa = PBXBuildFile; fileRef = 64B8C81C236FD24100886F40 /* UIView+Contraints.swift */; };
		64B8C821236FDDDF00886F40 /* UIAlertController.swift in Sources */ = {isa = PBXBuildFile; fileRef = 64B8C820236FDDDF00886F40 /* UIAlertController.swift */; };
		89745D9173B9648B4B2AB93E /* libPods-SixtCar.a in Frameworks */ = {isa = PBXBuildFile; fileRef = 5A0EB0F9576DF71E74F7C60B /* libPods-SixtCar.a */; };
/* End PBXBuildFile section */

/* Begin PBXFileReference section */
		5A0EB0F9576DF71E74F7C60B /* libPods-SixtCar.a */ = {isa = PBXFileReference; explicitFileType = archive.ar; includeInIndex = 0; path = "libPods-SixtCar.a"; sourceTree = BUILT_PRODUCTS_DIR; };
		6413BB68236F6304004F1C1C /* StoryboardViewController.swift */ = {isa = PBXFileReference; lastKnownFileType = sourcecode.swift; path = StoryboardViewController.swift; sourceTree = "<group>"; };
		6413BB6A236F73CB004F1C1C /* VehicleMapViewController.storyboard */ = {isa = PBXFileReference; lastKnownFileType = file.storyboard; path = VehicleMapViewController.storyboard; sourceTree = "<group>"; };
		6413BB6C236F7910004F1C1C /* VehicleViewModel.swift */ = {isa = PBXFileReference; lastKnownFileType = sourcecode.swift; path = VehicleViewModel.swift; sourceTree = "<group>"; };
		6413BB6E236F83E7004F1C1C /* CLLocationCoordinate2D+Defaults.swift */ = {isa = PBXFileReference; lastKnownFileType = sourcecode.swift; path = "CLLocationCoordinate2D+Defaults.swift"; sourceTree = "<group>"; };
		6413BB72236F8589004F1C1C /* VehicleViewModel+MKAnnotation.swift */ = {isa = PBXFileReference; lastKnownFileType = sourcecode.swift; path = "VehicleViewModel+MKAnnotation.swift"; sourceTree = "<group>"; };
		64246FD92369028D00CF4F1B /* SixtCar.app */ = {isa = PBXFileReference; explicitFileType = wrapper.application; includeInIndex = 0; path = SixtCar.app; sourceTree = BUILT_PRODUCTS_DIR; };
		64246FDC2369028D00CF4F1B /* AppDelegate.swift */ = {isa = PBXFileReference; lastKnownFileType = sourcecode.swift; path = AppDelegate.swift; sourceTree = "<group>"; };
		64246FE02369028D00CF4F1B /* RootViewController.swift */ = {isa = PBXFileReference; lastKnownFileType = sourcecode.swift; path = RootViewController.swift; sourceTree = "<group>"; };
		64246FE32369028D00CF4F1B /* Base */ = {isa = PBXFileReference; lastKnownFileType = file.storyboard; name = Base; path = Base.lproj/RootViewController.storyboard; sourceTree = "<group>"; };
		64246FE52369028F00CF4F1B /* Assets.xcassets */ = {isa = PBXFileReference; lastKnownFileType = folder.assetcatalog; path = Assets.xcassets; sourceTree = "<group>"; };
		64246FE82369028F00CF4F1B /* Base */ = {isa = PBXFileReference; lastKnownFileType = file.storyboard; name = Base; path = Base.lproj/LaunchScreen.storyboard; sourceTree = "<group>"; };
		64246FEA2369028F00CF4F1B /* Info.plist */ = {isa = PBXFileReference; lastKnownFileType = text.plist.xml; path = Info.plist; sourceTree = "<group>"; };
		64246FF12369038A00CF4F1B /* Vehicle.swift */ = {isa = PBXFileReference; lastKnownFileType = sourcecode.swift; path = Vehicle.swift; sourceTree = "<group>"; };
		64246FF42369043500CF4F1B /* SixtConnector.swift */ = {isa = PBXFileReference; lastKnownFileType = sourcecode.swift; path = SixtConnector.swift; sourceTree = "<group>"; };
		64246FF62369084C00CF4F1B /* Podfile */ = {isa = PBXFileReference; fileEncoding = 4; lastKnownFileType = text; path = Podfile; sourceTree = "<group>"; xcLanguageSpecificationIdentifier = xcode.lang.ruby; };
		6479CDA7236F424300064D01 /* MapKit.framework */ = {isa = PBXFileReference; lastKnownFileType = wrapper.framework; name = MapKit.framework; path = System/Library/Frameworks/MapKit.framework; sourceTree = SDKROOT; };
		6479CDA9236F42FE00064D01 /* VehicleMapViewController.swift */ = {isa = PBXFileReference; lastKnownFileType = sourcecode.swift; path = VehicleMapViewController.swift; sourceTree = "<group>"; };
		6479CDB1236F48BB00064D01 /* VehiclesViewModel.swift */ = {isa = PBXFileReference; lastKnownFileType = sourcecode.swift; path = VehiclesViewModel.swift; sourceTree = "<group>"; };
		6479CDB3236F4A0700064D01 /* RequestError.swift */ = {isa = PBXFileReference; lastKnownFileType = sourcecode.swift; path = RequestError.swift; sourceTree = "<group>"; };
		6479CDB5236F500800064D01 /* ViewModelDriven.swift */ = {isa = PBXFileReference; lastKnownFileType = sourcecode.swift; path = ViewModelDriven.swift; sourceTree = "<group>"; };
		6479CDB7236F501C00064D01 /* ViewModel.swift */ = {isa = PBXFileReference; lastKnownFileType = sourcecode.swift; path = ViewModel.swift; sourceTree = "<group>"; };
		6479CDB9236F517300064D01 /* RootViewModel.swift */ = {isa = PBXFileReference; lastKnownFileType = sourcecode.swift; path = RootViewModel.swift; sourceTree = "<group>"; };
		6479CDBC236F51F500064D01 /* ViewModel+UIKit.swift */ = {isa = PBXFileReference; lastKnownFileType = sourcecode.swift; path = "ViewModel+UIKit.swift"; sourceTree = "<group>"; };
		6479CDBE236F547800064D01 /* SceneDelegate.swift */ = {isa = PBXFileReference; fileEncoding = 4; lastKnownFileType = sourcecode.swift; path = SceneDelegate.swift; sourceTree = "<group>"; };
		64B8C816236FB2F400886F40 /* VehicleTableViewCell.swift */ = {isa = PBXFileReference; lastKnownFileType = sourcecode.swift; path = VehicleTableViewCell.swift; sourceTree = "<group>"; };
		64B8C818236FBE5B00886F40 /* VehicleListViewController.storyboard */ = {isa = PBXFileReference; lastKnownFileType = file.storyboard; path = VehicleListViewController.storyboard; sourceTree = "<group>"; };
		64B8C81A236FBED800886F40 /* VehicleListViewController.swift */ = {isa = PBXFileReference; fileEncoding = 4; lastKnownFileType = sourcecode.swift; path = VehicleListViewController.swift; sourceTree = "<group>"; };
		64B8C81C236FD24100886F40 /* UIView+Contraints.swift */ = {isa = PBXFileReference; lastKnownFileType = sourcecode.swift; path = "UIView+Contraints.swift"; sourceTree = "<group>"; };
		64B8C820236FDDDF00886F40 /* UIAlertController.swift */ = {isa = PBXFileReference; lastKnownFileType = sourcecode.swift; path = UIAlertController.swift; sourceTree = "<group>"; };
		91662735719E5A3BAAD61A8B /* Pods-SixtCar.release.xcconfig */ = {isa = PBXFileReference; includeInIndex = 1; lastKnownFileType = text.xcconfig; name = "Pods-SixtCar.release.xcconfig"; path = "Target Support Files/Pods-SixtCar/Pods-SixtCar.release.xcconfig"; sourceTree = "<group>"; };
		EF293A389C10907E73535452 /* Pods-SixtCar.debug.xcconfig */ = {isa = PBXFileReference; includeInIndex = 1; lastKnownFileType = text.xcconfig; name = "Pods-SixtCar.debug.xcconfig"; path = "Target Support Files/Pods-SixtCar/Pods-SixtCar.debug.xcconfig"; sourceTree = "<group>"; };
/* End PBXFileReference section */

/* Begin PBXFrameworksBuildPhase section */
		64246FD62369028D00CF4F1B /* Frameworks */ = {
			isa = PBXFrameworksBuildPhase;
			buildActionMask = 2147483647;
			files = (
				6479CDA8236F424300064D01 /* MapKit.framework in Frameworks */,
				89745D9173B9648B4B2AB93E /* libPods-SixtCar.a in Frameworks */,
			);
			runOnlyForDeploymentPostprocessing = 0;
		};
/* End PBXFrameworksBuildPhase section */

/* Begin PBXGroup section */
		2C9A65EE640B683CB66A9E0B /* Pods */ = {
			isa = PBXGroup;
			children = (
				EF293A389C10907E73535452 /* Pods-SixtCar.debug.xcconfig */,
				91662735719E5A3BAAD61A8B /* Pods-SixtCar.release.xcconfig */,
			);
			path = Pods;
			sourceTree = "<group>";
		};
		4136A95CFD17AC95DC51CD86 /* Frameworks */ = {
			isa = PBXGroup;
			children = (
				6479CDA7236F424300064D01 /* MapKit.framework */,
				5A0EB0F9576DF71E74F7C60B /* libPods-SixtCar.a */,
			);
			name = Frameworks;
			sourceTree = "<group>";
		};
		64246FD02369028D00CF4F1B = {
			isa = PBXGroup;
			children = (
				64246FF62369084C00CF4F1B /* Podfile */,
				64246FDB2369028D00CF4F1B /* SixtCar */,
				64246FDA2369028D00CF4F1B /* Products */,
				2C9A65EE640B683CB66A9E0B /* Pods */,
				4136A95CFD17AC95DC51CD86 /* Frameworks */,
			);
			sourceTree = "<group>";
		};
		64246FDA2369028D00CF4F1B /* Products */ = {
			isa = PBXGroup;
			children = (
				64246FD92369028D00CF4F1B /* SixtCar.app */,
			);
			name = Products;
			sourceTree = "<group>";
		};
		64246FDB2369028D00CF4F1B /* SixtCar */ = {
			isa = PBXGroup;
			children = (
				6479CDBB236F51E200064D01 /* Architecture */,
				64246FF923690E2100CF4F1B /* View */,
				64246FF823690E0F00CF4F1B /* ViewModel */,
				64246FF02369037D00CF4F1B /* Model */,
				64246FDC2369028D00CF4F1B /* AppDelegate.swift */,
				6479CDBE236F547800064D01 /* SceneDelegate.swift */,
				64246FE52369028F00CF4F1B /* Assets.xcassets */,
				64246FEA2369028F00CF4F1B /* Info.plist */,
			);
			path = SixtCar;
			sourceTree = "<group>";
		};
		64246FF02369037D00CF4F1B /* Model */ = {
			isa = PBXGroup;
			children = (
				64246FF12369038A00CF4F1B /* Vehicle.swift */,
				64246FF42369043500CF4F1B /* SixtConnector.swift */,
			);
			path = Model;
			sourceTree = "<group>";
		};
		64246FF823690E0F00CF4F1B /* ViewModel */ = {
			isa = PBXGroup;
			children = (
				6479CDB1236F48BB00064D01 /* VehiclesViewModel.swift */,
				6479CDB9236F517300064D01 /* RootViewModel.swift */,
				6413BB6C236F7910004F1C1C /* VehicleViewModel.swift */,
			);
			path = ViewModel;
			sourceTree = "<group>";
		};
		64246FF923690E2100CF4F1B /* View */ = {
			isa = PBXGroup;
			children = (
				64B8C815236FB2D800886F40 /* List */,
				64B8C814236FB2CD00886F40 /* Map */,
				64246FE72369028F00CF4F1B /* LaunchScreen.storyboard */,
				64246FE22369028D00CF4F1B /* RootViewController.storyboard */,
				64246FE02369028D00CF4F1B /* RootViewController.swift */,
			);
			path = View;
			sourceTree = "<group>";
		};
		6479CDBB236F51E200064D01 /* Architecture */ = {
			isa = PBXGroup;
			children = (
				64B8C81F236FDB9C00886F40 /* UI */,
				64B8C81E236FDB8B00886F40 /* ViewModel */,
				6479CDB3236F4A0700064D01 /* RequestError.swift */,
				6413BB6E236F83E7004F1C1C /* CLLocationCoordinate2D+Defaults.swift */,
			);
			path = Architecture;
			sourceTree = "<group>";
		};
		64B8C814236FB2CD00886F40 /* Map */ = {
			isa = PBXGroup;
			children = (
				6413BB72236F8589004F1C1C /* VehicleViewModel+MKAnnotation.swift */,
				6413BB6A236F73CB004F1C1C /* VehicleMapViewController.storyboard */,
				6479CDA9236F42FE00064D01 /* VehicleMapViewController.swift */,
			);
			path = Map;
			sourceTree = "<group>";
		};
		64B8C815236FB2D800886F40 /* List */ = {
			isa = PBXGroup;
			children = (
				64B8C818236FBE5B00886F40 /* VehicleListViewController.storyboard */,
				64B8C81A236FBED800886F40 /* VehicleListViewController.swift */,
				64B8C816236FB2F400886F40 /* VehicleTableViewCell.swift */,
			);
			path = List;
			sourceTree = "<group>";
		};
		64B8C81E236FDB8B00886F40 /* ViewModel */ = {
			isa = PBXGroup;
			children = (
				6479CDB5236F500800064D01 /* ViewModelDriven.swift */,
				6479CDB7236F501C00064D01 /* ViewModel.swift */,
				6479CDBC236F51F500064D01 /* ViewModel+UIKit.swift */,
			);
			path = ViewModel;
			sourceTree = "<group>";
		};
		64B8C81F236FDB9C00886F40 /* UI */ = {
			isa = PBXGroup;
			children = (
				6413BB68236F6304004F1C1C /* StoryboardViewController.swift */,
				64B8C81C236FD24100886F40 /* UIView+Contraints.swift */,
				64B8C820236FDDDF00886F40 /* UIAlertController.swift */,
			);
			path = UI;
			sourceTree = "<group>";
		};
/* End PBXGroup section */

/* Begin PBXNativeTarget section */
		64246FD82369028D00CF4F1B /* SixtCar */ = {
			isa = PBXNativeTarget;
			buildConfigurationList = 64246FED2369028F00CF4F1B /* Build configuration list for PBXNativeTarget "SixtCar" */;
			buildPhases = (
				A8FCF8C9D4789037D3B0BB89 /* [CP] Check Pods Manifest.lock */,
				64246FD52369028D00CF4F1B /* Sources */,
				64246FD62369028D00CF4F1B /* Frameworks */,
				64246FD72369028D00CF4F1B /* Resources */,
			);
			buildRules = (
			);
			dependencies = (
			);
			name = SixtCar;
			productName = SixtCar;
			productReference = 64246FD92369028D00CF4F1B /* SixtCar.app */;
			productType = "com.apple.product-type.application";
		};
/* End PBXNativeTarget section */

/* Begin PBXProject section */
		64246FD12369028D00CF4F1B /* Project object */ = {
			isa = PBXProject;
			attributes = {
				LastSwiftUpdateCheck = 1110;
				LastUpgradeCheck = 1110;
				ORGANIZATIONNAME = "Volodymyr Grytsenko";
				TargetAttributes = {
					64246FD82369028D00CF4F1B = {
						CreatedOnToolsVersion = 11.1;
					};
				};
			};
			buildConfigurationList = 64246FD42369028D00CF4F1B /* Build configuration list for PBXProject "SixtCar" */;
			compatibilityVersion = "Xcode 9.3";
			developmentRegion = en;
			hasScannedForEncodings = 0;
			knownRegions = (
				en,
				Base,
			);
			mainGroup = 64246FD02369028D00CF4F1B;
			productRefGroup = 64246FDA2369028D00CF4F1B /* Products */;
			projectDirPath = "";
			projectRoot = "";
			targets = (
				64246FD82369028D00CF4F1B /* SixtCar */,
			);
		};
/* End PBXProject section */

/* Begin PBXResourcesBuildPhase section */
		64246FD72369028D00CF4F1B /* Resources */ = {
			isa = PBXResourcesBuildPhase;
			buildActionMask = 2147483647;
			files = (
				64246FE92369028F00CF4F1B /* LaunchScreen.storyboard in Resources */,
				64246FE62369028F00CF4F1B /* Assets.xcassets in Resources */,
				64B8C819236FBE5B00886F40 /* VehicleListViewController.storyboard in Resources */,
				6413BB6B236F73CB004F1C1C /* VehicleMapViewController.storyboard in Resources */,
				64246FF72369084C00CF4F1B /* Podfile in Resources */,
				64246FE42369028D00CF4F1B /* RootViewController.storyboard in Resources */,
			);
			runOnlyForDeploymentPostprocessing = 0;
		};
/* End PBXResourcesBuildPhase section */

/* Begin PBXShellScriptBuildPhase section */
		A8FCF8C9D4789037D3B0BB89 /* [CP] Check Pods Manifest.lock */ = {
			isa = PBXShellScriptBuildPhase;
			buildActionMask = 2147483647;
			files = (
			);
			inputFileListPaths = (
			);
			inputPaths = (
				"${PODS_PODFILE_DIR_PATH}/Podfile.lock",
				"${PODS_ROOT}/Manifest.lock",
			);
			name = "[CP] Check Pods Manifest.lock";
			outputFileListPaths = (
			);
			outputPaths = (
				"$(DERIVED_FILE_DIR)/Pods-SixtCar-checkManifestLockResult.txt",
			);
			runOnlyForDeploymentPostprocessing = 0;
			shellPath = /bin/sh;
			shellScript = "diff \"${PODS_PODFILE_DIR_PATH}/Podfile.lock\" \"${PODS_ROOT}/Manifest.lock\" > /dev/null\nif [ $? != 0 ] ; then\n    # print error to STDERR\n    echo \"error: The sandbox is not in sync with the Podfile.lock. Run 'pod install' or update your CocoaPods installation.\" >&2\n    exit 1\nfi\n# This output is used by Xcode 'outputs' to avoid re-running this script phase.\necho \"SUCCESS\" > \"${SCRIPT_OUTPUT_FILE_0}\"\n";
			showEnvVarsInLog = 0;
		};
/* End PBXShellScriptBuildPhase section */

/* Begin PBXSourcesBuildPhase section */
		64246FD52369028D00CF4F1B /* Sources */ = {
			isa = PBXSourcesBuildPhase;
			buildActionMask = 2147483647;
			files = (
				6479CDAB236F42FE00064D01 /* VehicleMapViewController.swift in Sources */,
				6479CDB2236F48BB00064D01 /* VehiclesViewModel.swift in Sources */,
				6479CDB8236F501C00064D01 /* ViewModel.swift in Sources */,
				64246FF52369043500CF4F1B /* SixtConnector.swift in Sources */,
				64B8C821236FDDDF00886F40 /* UIAlertController.swift in Sources */,
				64B8C81B236FBED800886F40 /* VehicleListViewController.swift in Sources */,
				6413BB69236F6304004F1C1C /* StoryboardViewController.swift in Sources */,
				6413BB73236F8589004F1C1C /* VehicleViewModel+MKAnnotation.swift in Sources */,
				6479CDB6236F500800064D01 /* ViewModelDriven.swift in Sources */,
				64246FF22369038A00CF4F1B /* Vehicle.swift in Sources */,
				64246FE12369028D00CF4F1B /* RootViewController.swift in Sources */,
				6413BB6F236F83E7004F1C1C /* CLLocationCoordinate2D+Defaults.swift in Sources */,
				6479CDBF236F547800064D01 /* SceneDelegate.swift in Sources */,
				64B8C817236FB2F400886F40 /* VehicleTableViewCell.swift in Sources */,
				6413BB6D236F7910004F1C1C /* VehicleViewModel.swift in Sources */,
				64246FDD2369028D00CF4F1B /* AppDelegate.swift in Sources */,
				64B8C81D236FD24100886F40 /* UIView+Contraints.swift in Sources */,
				6479CDBD236F51F500064D01 /* ViewModel+UIKit.swift in Sources */,
				6479CDBA236F517300064D01 /* RootViewModel.swift in Sources */,
				6479CDB4236F4A0700064D01 /* RequestError.swift in Sources */,
			);
			runOnlyForDeploymentPostprocessing = 0;
		};
/* End PBXSourcesBuildPhase section */

/* Begin PBXVariantGroup section */
		64246FE22369028D00CF4F1B /* RootViewController.storyboard */ = {
			isa = PBXVariantGroup;
			children = (
				64246FE32369028D00CF4F1B /* Base */,
			);
			name = RootViewController.storyboard;
			sourceTree = "<group>";
		};
		64246FE72369028F00CF4F1B /* LaunchScreen.storyboard */ = {
			isa = PBXVariantGroup;
			children = (
				64246FE82369028F00CF4F1B /* Base */,
			);
			name = LaunchScreen.storyboard;
			sourceTree = "<group>";
		};
/* End PBXVariantGroup section */

/* Begin XCBuildConfiguration section */
		64246FEB2369028F00CF4F1B /* Debug */ = {
			isa = XCBuildConfiguration;
			buildSettings = {
				ALWAYS_SEARCH_USER_PATHS = NO;
				CLANG_ANALYZER_NONNULL = YES;
				CLANG_ANALYZER_NUMBER_OBJECT_CONVERSION = YES_AGGRESSIVE;
				CLANG_CXX_LANGUAGE_STANDARD = "gnu++14";
				CLANG_CXX_LIBRARY = "libc++";
				CLANG_ENABLE_MODULES = YES;
				CLANG_ENABLE_OBJC_ARC = YES;
				CLANG_ENABLE_OBJC_WEAK = YES;
				CLANG_WARN_BLOCK_CAPTURE_AUTORELEASING = YES;
				CLANG_WARN_BOOL_CONVERSION = YES;
				CLANG_WARN_COMMA = YES;
				CLANG_WARN_CONSTANT_CONVERSION = YES;
				CLANG_WARN_DEPRECATED_OBJC_IMPLEMENTATIONS = YES;
				CLANG_WARN_DIRECT_OBJC_ISA_USAGE = YES_ERROR;
				CLANG_WARN_DOCUMENTATION_COMMENTS = YES;
				CLANG_WARN_EMPTY_BODY = YES;
				CLANG_WARN_ENUM_CONVERSION = YES;
				CLANG_WARN_INFINITE_RECURSION = YES;
				CLANG_WARN_INT_CONVERSION = YES;
				CLANG_WARN_NON_LITERAL_NULL_CONVERSION = YES;
				CLANG_WARN_OBJC_IMPLICIT_RETAIN_SELF = YES;
				CLANG_WARN_OBJC_LITERAL_CONVERSION = YES;
				CLANG_WARN_OBJC_ROOT_CLASS = YES_ERROR;
				CLANG_WARN_RANGE_LOOP_ANALYSIS = YES;
				CLANG_WARN_STRICT_PROTOTYPES = YES;
				CLANG_WARN_SUSPICIOUS_MOVE = YES;
				CLANG_WARN_UNGUARDED_AVAILABILITY = YES_AGGRESSIVE;
				CLANG_WARN_UNREACHABLE_CODE = YES;
				CLANG_WARN__DUPLICATE_METHOD_MATCH = YES;
				COPY_PHASE_STRIP = NO;
				DEBUG_INFORMATION_FORMAT = dwarf;
				ENABLE_STRICT_OBJC_MSGSEND = YES;
				ENABLE_TESTABILITY = YES;
				GCC_C_LANGUAGE_STANDARD = gnu11;
				GCC_DYNAMIC_NO_PIC = NO;
				GCC_NO_COMMON_BLOCKS = YES;
				GCC_OPTIMIZATION_LEVEL = 0;
				GCC_PREPROCESSOR_DEFINITIONS = (
					"DEBUG=1",
					"$(inherited)",
				);
				GCC_WARN_64_TO_32_BIT_CONVERSION = YES;
				GCC_WARN_ABOUT_RETURN_TYPE = YES_ERROR;
				GCC_WARN_UNDECLARED_SELECTOR = YES;
				GCC_WARN_UNINITIALIZED_AUTOS = YES_AGGRESSIVE;
				GCC_WARN_UNUSED_FUNCTION = YES;
				GCC_WARN_UNUSED_VARIABLE = YES;
				IPHONEOS_DEPLOYMENT_TARGET = 13.1;
				MTL_ENABLE_DEBUG_INFO = INCLUDE_SOURCE;
				MTL_FAST_MATH = YES;
				ONLY_ACTIVE_ARCH = YES;
				SDKROOT = iphoneos;
				SWIFT_ACTIVE_COMPILATION_CONDITIONS = DEBUG;
				SWIFT_OPTIMIZATION_LEVEL = "-Onone";
			};
			name = Debug;
		};
		64246FEC2369028F00CF4F1B /* Release */ = {
			isa = XCBuildConfiguration;
			buildSettings = {
				ALWAYS_SEARCH_USER_PATHS = NO;
				CLANG_ANALYZER_NONNULL = YES;
				CLANG_ANALYZER_NUMBER_OBJECT_CONVERSION = YES_AGGRESSIVE;
				CLANG_CXX_LANGUAGE_STANDARD = "gnu++14";
				CLANG_CXX_LIBRARY = "libc++";
				CLANG_ENABLE_MODULES = YES;
				CLANG_ENABLE_OBJC_ARC = YES;
				CLANG_ENABLE_OBJC_WEAK = YES;
				CLANG_WARN_BLOCK_CAPTURE_AUTORELEASING = YES;
				CLANG_WARN_BOOL_CONVERSION = YES;
				CLANG_WARN_COMMA = YES;
				CLANG_WARN_CONSTANT_CONVERSION = YES;
				CLANG_WARN_DEPRECATED_OBJC_IMPLEMENTATIONS = YES;
				CLANG_WARN_DIRECT_OBJC_ISA_USAGE = YES_ERROR;
				CLANG_WARN_DOCUMENTATION_COMMENTS = YES;
				CLANG_WARN_EMPTY_BODY = YES;
				CLANG_WARN_ENUM_CONVERSION = YES;
				CLANG_WARN_INFINITE_RECURSION = YES;
				CLANG_WARN_INT_CONVERSION = YES;
				CLANG_WARN_NON_LITERAL_NULL_CONVERSION = YES;
				CLANG_WARN_OBJC_IMPLICIT_RETAIN_SELF = YES;
				CLANG_WARN_OBJC_LITERAL_CONVERSION = YES;
				CLANG_WARN_OBJC_ROOT_CLASS = YES_ERROR;
				CLANG_WARN_RANGE_LOOP_ANALYSIS = YES;
				CLANG_WARN_STRICT_PROTOTYPES = YES;
				CLANG_WARN_SUSPICIOUS_MOVE = YES;
				CLANG_WARN_UNGUARDED_AVAILABILITY = YES_AGGRESSIVE;
				CLANG_WARN_UNREACHABLE_CODE = YES;
				CLANG_WARN__DUPLICATE_METHOD_MATCH = YES;
				COPY_PHASE_STRIP = NO;
				DEBUG_INFORMATION_FORMAT = "dwarf-with-dsym";
				ENABLE_NS_ASSERTIONS = NO;
				ENABLE_STRICT_OBJC_MSGSEND = YES;
				GCC_C_LANGUAGE_STANDARD = gnu11;
				GCC_NO_COMMON_BLOCKS = YES;
				GCC_WARN_64_TO_32_BIT_CONVERSION = YES;
				GCC_WARN_ABOUT_RETURN_TYPE = YES_ERROR;
				GCC_WARN_UNDECLARED_SELECTOR = YES;
				GCC_WARN_UNINITIALIZED_AUTOS = YES_AGGRESSIVE;
				GCC_WARN_UNUSED_FUNCTION = YES;
				GCC_WARN_UNUSED_VARIABLE = YES;
				IPHONEOS_DEPLOYMENT_TARGET = 13.1;
				MTL_ENABLE_DEBUG_INFO = NO;
				MTL_FAST_MATH = YES;
				SDKROOT = iphoneos;
				SWIFT_COMPILATION_MODE = wholemodule;
				SWIFT_OPTIMIZATION_LEVEL = "-O";
				VALIDATE_PRODUCT = YES;
			};
			name = Release;
		};
		64246FEE2369028F00CF4F1B /* Debug */ = {
			isa = XCBuildConfiguration;
			baseConfigurationReference = EF293A389C10907E73535452 /* Pods-SixtCar.debug.xcconfig */;
			buildSettings = {
				ASSETCATALOG_COMPILER_APPICON_NAME = AppIcon;
				CODE_SIGN_STYLE = Automatic;
				DEVELOPMENT_TEAM = 57HPU8SAYS;
				INFOPLIST_FILE = SixtCar/Info.plist;
				IPHONEOS_DEPLOYMENT_TARGET = 13.2;
				LD_RUNPATH_SEARCH_PATHS = (
					"$(inherited)",
					"@executable_path/Frameworks",
				);
				PRODUCT_BUNDLE_IDENTIFIER = bebecap.SixtCar;
				PRODUCT_NAME = "$(TARGET_NAME)";
				SWIFT_VERSION = 5.0;
				TARGETED_DEVICE_FAMILY = "1,2";
			};
			name = Debug;
		};
		64246FEF2369028F00CF4F1B /* Release */ = {
			isa = XCBuildConfiguration;
			baseConfigurationReference = 91662735719E5A3BAAD61A8B /* Pods-SixtCar.release.xcconfig */;
			buildSettings = {
				ASSETCATALOG_COMPILER_APPICON_NAME = AppIcon;
				CODE_SIGN_STYLE = Automatic;
				DEVELOPMENT_TEAM = 57HPU8SAYS;
				INFOPLIST_FILE = SixtCar/Info.plist;
				IPHONEOS_DEPLOYMENT_TARGET = 13.2;
				LD_RUNPATH_SEARCH_PATHS = (
					"$(inherited)",
					"@executable_path/Frameworks",
				);
				PRODUCT_BUNDLE_IDENTIFIER = bebecap.SixtCar;
				PRODUCT_NAME = "$(TARGET_NAME)";
				SWIFT_VERSION = 5.0;
				TARGETED_DEVICE_FAMILY = "1,2";
			};
			name = Release;
		};
/* End XCBuildConfiguration section */

/* Begin XCConfigurationList section */
		64246FD42369028D00CF4F1B /* Build configuration list for PBXProject "SixtCar" */ = {
			isa = XCConfigurationList;
			buildConfigurations = (
				64246FEB2369028F00CF4F1B /* Debug */,
				64246FEC2369028F00CF4F1B /* Release */,
			);
			defaultConfigurationIsVisible = 0;
			defaultConfigurationName = Release;
		};
		64246FED2369028F00CF4F1B /* Build configuration list for PBXNativeTarget "SixtCar" */ = {
			isa = XCConfigurationList;
			buildConfigurations = (
				64246FEE2369028F00CF4F1B /* Debug */,
				64246FEF2369028F00CF4F1B /* Release */,
			);
			defaultConfigurationIsVisible = 0;
			defaultConfigurationName = Release;
		};
/* End XCConfigurationList section */
	};
	rootObject = 64246FD12369028D00CF4F1B /* Project object */;
}
